
Microsoft Visual Studio Solution File, Format Version 12.00
# Visual Studio 2012
Project("{CC5FD16D-436D-48AD-A40C-5A424C6E3E79}") = "WindowsAzure1", "WindowsAzure1\WindowsAzure1.ccproj", "{B07F3805-D9C1-473B-A1A8-C4E4BA3057F6}"
EndProject
Project("{FAE04EC0-301F-11D3-BF4B-00C04F79EFBC}") = "MvcWebRole1", "MvcWebRole1\MvcWebRole1.csproj", "{3635BEED-AFEC-4948-B65D-8E4DEF21CAD0}"
EndProject
Project("{FAE04EC0-301F-11D3-BF4B-00C04F79EFBC}") = "WorkerRole1", "WorkerRole1\WorkerRole1.csproj", "{0B05D593-A678-40F3-BB1F-7230BECA76A5}"
EndProject
Global
	GlobalSection(SolutionConfigurationPlatforms) = preSolution
		Debug|Any CPU = Debug|Any CPU
		Release|Any CPU = Release|Any CPU
	EndGlobalSection
	GlobalSection(ProjectConfigurationPlatforms) = postSolution
		{0B05D593-A678-40F3-BB1F-7230BECA76A5}.Debug|Any CPU.ActiveCfg = Debug|Any CPU
		{0B05D593-A678-40F3-BB1F-7230BECA76A5}.Debug|Any CPU.Build.0 = Debug|Any CPU
		{0B05D593-A678-40F3-BB1F-7230BECA76A5}.Release|Any CPU.ActiveCfg = Release|Any CPU
		{0B05D593-A678-40F3-BB1F-7230BECA76A5}.Release|Any CPU.Build.0 = Release|Any CPU
		{3635BEED-AFEC-4948-B65D-8E4DEF21CAD0}.Debug|Any CPU.ActiveCfg = Debug|Any CPU
		{3635BEED-AFEC-4948-B65D-8E4DEF21CAD0}.Debug|Any CPU.Build.0 = Debug|Any CPU
		{3635BEED-AFEC-4948-B65D-8E4DEF21CAD0}.Release|Any CPU.ActiveCfg = Release|Any CPU
		{3635BEED-AFEC-4948-B65D-8E4DEF21CAD0}.Release|Any CPU.Build.0 = Release|Any CPU
		{B07F3805-D9C1-473B-A1A8-C4E4BA3057F6}.Debug|Any CPU.ActiveCfg = Debug|Any CPU
		{B07F3805-D9C1-473B-A1A8-C4E4BA3057F6}.Debug|Any CPU.Build.0 = Debug|Any CPU
		{B07F3805-D9C1-473B-A1A8-C4E4BA3057F6}.Release|Any CPU.ActiveCfg = Release|Any CPU
		{B07F3805-D9C1-473B-A1A8-C4E4BA3057F6}.Release|Any CPU.Build.0 = Release|Any CPU
	EndGlobalSection
	GlobalSection(SolutionProperties) = preSolution
		HideSolutionNode = FALSE
	EndGlobalSection
EndGlobal
